
Microsoft Visual Studio Solution File, Format Version 12.00
# Visual Studio Version 17
VisualStudioVersion = 17.10.34902.84
MinimumVisualStudioVersion = 10.0.40219.1
Project("{FAE04EC0-301F-11D3-BF4B-00C04F79EFBC}") = "Pssm", "Message\Pssm.csproj", "{ECE5E9AC-B44F-45DE-A072-CD8EDDC23DCA}"
EndProject
Project("{FAE04EC0-301F-11D3-BF4B-00C04F79EFBC}") = "Pssm.Model", "PssmModel\Pssm.Model.csproj", "{89C6F61C-F914-40FC-91FA-ACA957A1364D}"
EndProject
Project("{FAE04EC0-301F-11D3-BF4B-00C04F79EFBC}") = "Pssm.BLL", "PssmBLL\Pssm.BLL.csproj", "{0B6923AB-6F5D-4BB0-8705-27A17E5C1C20}"
EndProject
Project("{FAE04EC0-301F-11D3-BF4B-00C04F79EFBC}") = "Pssm.DAL", "PssmDAL\Pssm.DAL.csproj", "{AE820BEF-CE55-4176-BA7A-333BB720A8D2}"
EndProject
Project("{FAE04EC0-301F-11D3-BF4B-00C04F79EFBC}") = "Pssm.PublicLibary", "PssmPublicLibary\Pssm.PublicLibary.csproj", "{6D1F74AC-B4A9-4F23-8152-A50B87D35E24}"
EndProject
Project("{FAE04EC0-301F-11D3-BF4B-00C04F79EFBC}") = "Pssm.DALFactory", "PssmDALFactory\Pssm.DALFactory.csproj", "{386D39FB-A681-466C-AB45-A0A37A4DDF1B}"
EndProject
Global
	GlobalSection(SolutionConfigurationPlatforms) = preSolution
		Debug|Any CPU = Debug|Any CPU
		Release|Any CPU = Release|Any CPU
	EndGlobalSection
	GlobalSection(ProjectConfigurationPlatforms) = postSolution
		{ECE5E9AC-B44F-45DE-A072-CD8EDDC23DCA}.Debug|Any CPU.ActiveCfg = Debug|Any CPU
		{ECE5E9AC-B44F-45DE-A072-CD8EDDC23DCA}.Debug|Any CPU.Build.0 = Debug|Any CPU
		{ECE5E9AC-B44F-45DE-A072-CD8EDDC23DCA}.Release|Any CPU.ActiveCfg = Release|Any CPU
		{ECE5E9AC-B44F-45DE-A072-CD8EDDC23DCA}.Release|Any CPU.Build.0 = Release|Any CPU
		{89C6F61C-F914-40FC-91FA-ACA957A1364D}.Debug|Any CPU.ActiveCfg = Debug|Any CPU
		{89C6F61C-F914-40FC-91FA-ACA957A1364D}.Debug|Any CPU.Build.0 = Debug|Any CPU
		{89C6F61C-F914-40FC-91FA-ACA957A1364D}.Release|Any CPU.ActiveCfg = Release|Any CPU
		{89C6F61C-F914-40FC-91FA-ACA957A1364D}.Release|Any CPU.Build.0 = Release|Any CPU
		{0B6923AB-6F5D-4BB0-8705-27A17E5C1C20}.Debug|Any CPU.ActiveCfg = Debug|Any CPU
		{0B6923AB-6F5D-4BB0-8705-27A17E5C1C20}.Debug|Any CPU.Build.0 = Debug|Any CPU
		{0B6923AB-6F5D-4BB0-8705-27A17E5C1C20}.Release|Any CPU.ActiveCfg = Release|Any CPU
		{0B6923AB-6F5D-4BB0-8705-27A17E5C1C20}.Release|Any CPU.Build.0 = Release|Any CPU
		{AE820BEF-CE55-4176-BA7A-333BB720A8D2}.Debug|Any CPU.ActiveCfg = Debug|Any CPU
		{AE820BEF-CE55-4176-BA7A-333BB720A8D2}.Debug|Any CPU.Build.0 = Debug|Any CPU
		{AE820BEF-CE55-4176-BA7A-333BB720A8D2}.Release|Any CPU.ActiveCfg = Release|Any CPU
		{AE820BEF-CE55-4176-BA7A-333BB720A8D2}.Release|Any CPU.Build.0 = Release|Any CPU
		{6D1F74AC-B4A9-4F23-8152-A50B87D35E24}.Debug|Any CPU.ActiveCfg = Debug|Any CPU
		{6D1F74AC-B4A9-4F23-8152-A50B87D35E24}.Debug|Any CPU.Build.0 = Debug|Any CPU
		{6D1F74AC-B4A9-4F23-8152-A50B87D35E24}.Release|Any CPU.ActiveCfg = Release|Any CPU
		{6D1F74AC-B4A9-4F23-8152-A50B87D35E24}.Release|Any CPU.Build.0 = Release|Any CPU
		{386D39FB-A681-466C-AB45-A0A37A4DDF1B}.Debug|Any CPU.ActiveCfg = Debug|Any CPU
		{386D39FB-A681-466C-AB45-A0A37A4DDF1B}.Debug|Any CPU.Build.0 = Debug|Any CPU
		{386D39FB-A681-466C-AB45-A0A37A4DDF1B}.Release|Any CPU.ActiveCfg = Release|Any CPU
		{386D39FB-A681-466C-AB45-A0A37A4DDF1B}.Release|Any CPU.Build.0 = Release|Any CPU
	EndGlobalSection
	GlobalSection(SolutionProperties) = preSolution
		HideSolutionNode = FALSE
	EndGlobalSection
	GlobalSection(ExtensibilityGlobals) = postSolution
		SolutionGuid = {82629F33-2A40-4981-B581-38380E7CF6E0}
	EndGlobalSection
EndGlobal
